
Microsoft Visual Studio Solution File, Format Version 12.00
Project("{FAE04EC0-301F-11D3-BF4B-00C04F79EFBC}") = "CSLabWork15", "CSLabWork15\CSLabWork15.csproj", "{AEE7CA5B-EE63-4199-A752-BD3DC77AB907}"
EndProject
Project("{FAE04EC0-301F-11D3-BF4B-00C04F79EFBC}") = "CSLabWork15.2", "CSLabWork15.2\CSLabWork15.2.csproj", "{D2EFFA99-AEB4-4D8C-9406-422F08A4CA06}"
EndProject
Global
	GlobalSection(SolutionConfigurationPlatforms) = preSolution
		Debug|Any CPU = Debug|Any CPU
		Release|Any CPU = Release|Any CPU
	EndGlobalSection
	GlobalSection(ProjectConfigurationPlatforms) = postSolution
		{AEE7CA5B-EE63-4199-A752-BD3DC77AB907}.Debug|Any CPU.ActiveCfg = Debug|Any CPU
		{AEE7CA5B-EE63-4199-A752-BD3DC77AB907}.Debug|Any CPU.Build.0 = Debug|Any CPU
		{AEE7CA5B-EE63-4199-A752-BD3DC77AB907}.Release|Any CPU.ActiveCfg = Release|Any CPU
		{AEE7CA5B-EE63-4199-A752-BD3DC77AB907}.Release|Any CPU.Build.0 = Release|Any CPU
		{D2EFFA99-AEB4-4D8C-9406-422F08A4CA06}.Debug|Any CPU.ActiveCfg = Debug|Any CPU
		{D2EFFA99-AEB4-4D8C-9406-422F08A4CA06}.Debug|Any CPU.Build.0 = Debug|Any CPU
		{D2EFFA99-AEB4-4D8C-9406-422F08A4CA06}.Release|Any CPU.ActiveCfg = Release|Any CPU
		{D2EFFA99-AEB4-4D8C-9406-422F08A4CA06}.Release|Any CPU.Build.0 = Release|Any CPU
	EndGlobalSection
EndGlobal
