
Microsoft Visual Studio Solution File, Format Version 12.00
Project("{FAE04EC0-301F-11D3-BF4B-00C04F79EFBC}") = "CSLabWork15.2", "CSLabWork15.2\CSLabWork15.2.csproj", "{D2EFFA99-AEB4-4D8C-9406-422F08A4CA06}"
EndProject
Project("{FAE04EC0-301F-11D3-BF4B-00C04F79EFBC}") = "CSLabWork15.2.2", "CSLabWork15.2.2\CSLabWork15.2.2.csproj", "{807A429D-6B43-4A4B-A3D4-D8E3D6CE861A}"
EndProject
Project("{FAE04EC0-301F-11D3-BF4B-00C04F79EFBC}") = "СSLabWork15.3", "СSLabWork15.3\СSLabWork15.3.csproj", "{30FFDE71-3312-4EF5-8091-EE2326489328}"
EndProject
Project("{FAE04EC0-301F-11D3-BF4B-00C04F79EFBC}") = "CSLabWork15.4", "CSLabWork15.4\CSLabWork15.4.csproj", "{432EB471-6A57-4CCC-9E90-5EECAF797EC1}"
EndProject
Global
	GlobalSection(SolutionConfigurationPlatforms) = preSolution
		Debug|Any CPU = Debug|Any CPU
		Release|Any CPU = Release|Any CPU
	EndGlobalSection
	GlobalSection(ProjectConfigurationPlatforms) = postSolution
		{D2EFFA99-AEB4-4D8C-9406-422F08A4CA06}.Debug|Any CPU.ActiveCfg = Debug|Any CPU
		{D2EFFA99-AEB4-4D8C-9406-422F08A4CA06}.Debug|Any CPU.Build.0 = Debug|Any CPU
		{D2EFFA99-AEB4-4D8C-9406-422F08A4CA06}.Release|Any CPU.ActiveCfg = Release|Any CPU
		{D2EFFA99-AEB4-4D8C-9406-422F08A4CA06}.Release|Any CPU.Build.0 = Release|Any CPU
		{807A429D-6B43-4A4B-A3D4-D8E3D6CE861A}.Debug|Any CPU.ActiveCfg = Debug|Any CPU
		{807A429D-6B43-4A4B-A3D4-D8E3D6CE861A}.Debug|Any CPU.Build.0 = Debug|Any CPU
		{807A429D-6B43-4A4B-A3D4-D8E3D6CE861A}.Release|Any CPU.ActiveCfg = Release|Any CPU
		{807A429D-6B43-4A4B-A3D4-D8E3D6CE861A}.Release|Any CPU.Build.0 = Release|Any CPU
		{30FFDE71-3312-4EF5-8091-EE2326489328}.Debug|Any CPU.ActiveCfg = Debug|Any CPU
		{30FFDE71-3312-4EF5-8091-EE2326489328}.Debug|Any CPU.Build.0 = Debug|Any CPU
		{30FFDE71-3312-4EF5-8091-EE2326489328}.Release|Any CPU.ActiveCfg = Release|Any CPU
		{30FFDE71-3312-4EF5-8091-EE2326489328}.Release|Any CPU.Build.0 = Release|Any CPU
		{432EB471-6A57-4CCC-9E90-5EECAF797EC1}.Debug|Any CPU.ActiveCfg = Debug|Any CPU
		{432EB471-6A57-4CCC-9E90-5EECAF797EC1}.Debug|Any CPU.Build.0 = Debug|Any CPU
		{432EB471-6A57-4CCC-9E90-5EECAF797EC1}.Release|Any CPU.ActiveCfg = Release|Any CPU
		{432EB471-6A57-4CCC-9E90-5EECAF797EC1}.Release|Any CPU.Build.0 = Release|Any CPU
	EndGlobalSection
EndGlobal
