
Microsoft Visual Studio Solution File, Format Version 12.00
Project("{FAE04EC0-301F-11D3-BF4B-00C04F79EFBC}") = "CSLabWork14", "CSLabWork14\CSLabWork14.csproj", "{5E859500-E51B-42DB-867C-446F39DF9595}"
EndProject
Global
	GlobalSection(SolutionConfigurationPlatforms) = preSolution
		Debug|Any CPU = Debug|Any CPU
		Release|Any CPU = Release|Any CPU
	EndGlobalSection
	GlobalSection(ProjectConfigurationPlatforms) = postSolution
		{5E859500-E51B-42DB-867C-446F39DF9595}.Debug|Any CPU.ActiveCfg = Debug|Any CPU
		{5E859500-E51B-42DB-867C-446F39DF9595}.Debug|Any CPU.Build.0 = Debug|Any CPU
		{5E859500-E51B-42DB-867C-446F39DF9595}.Release|Any CPU.ActiveCfg = Release|Any CPU
		{5E859500-E51B-42DB-867C-446F39DF9595}.Release|Any CPU.Build.0 = Release|Any CPU
	EndGlobalSection
EndGlobal
