
Microsoft Visual Studio Solution File, Format Version 12.00
Project("{FAE04EC0-301F-11D3-BF4B-00C04F79EFBC}") = "Lab13", "Lab13\Lab13.csproj", "{28608CA7-61B4-44A5-98AD-C8CF9F275DA0}"
EndProject
Global
	GlobalSection(SolutionConfigurationPlatforms) = preSolution
		Debug|Any CPU = Debug|Any CPU
		Release|Any CPU = Release|Any CPU
	EndGlobalSection
	GlobalSection(ProjectConfigurationPlatforms) = postSolution
		{28608CA7-61B4-44A5-98AD-C8CF9F275DA0}.Debug|Any CPU.ActiveCfg = Debug|Any CPU
		{28608CA7-61B4-44A5-98AD-C8CF9F275DA0}.Debug|Any CPU.Build.0 = Debug|Any CPU
		{28608CA7-61B4-44A5-98AD-C8CF9F275DA0}.Release|Any CPU.ActiveCfg = Release|Any CPU
		{28608CA7-61B4-44A5-98AD-C8CF9F275DA0}.Release|Any CPU.Build.0 = Release|Any CPU
	EndGlobalSection
EndGlobal
